// !$*UTF8*$!
{
	archiveVersion = 1;
	classes = {
	};
	objectVersion = 55;
	objects = {

/* Begin PBXAggregateTarget section */
		57236B8A28178BBF009F3EC6 /* ExportXCFramework */ = {
			isa = PBXAggregateTarget;
			buildConfigurationList = 57236B8B28178BBF009F3EC6 /* Build configuration list for PBXAggregateTarget "ExportXCFramework" */;
			buildPhases = (
				57236B8E28178BC8009F3EC6 /* ShellScript */,
			);
			dependencies = (
			);
			name = ExportXCFramework;
			productName = ExportXCFramework;
		};
/* End PBXAggregateTarget section */

/* Begin PBXBuildFile section */
		004C94412801F30A0012F9EA /* AppDelegate.m in Sources */ = {isa = PBXBuildFile; fileRef = 004C94402801F30A0012F9EA /* AppDelegate.m */; };
		004C94442801F30A0012F9EA /* SceneDelegate.m in Sources */ = {isa = PBXBuildFile; fileRef = 004C94432801F30A0012F9EA /* SceneDelegate.m */; };
		004C94472801F30A0012F9EA /* ViewController.m in Sources */ = {isa = PBXBuildFile; fileRef = 004C94462801F30A0012F9EA /* ViewController.m */; };
		004C944A2801F30A0012F9EA /* Main.storyboard in Resources */ = {isa = PBXBuildFile; fileRef = 004C94482801F30A0012F9EA /* Main.storyboard */; };
		004C944C2801F30B0012F9EA /* Assets.xcassets in Resources */ = {isa = PBXBuildFile; fileRef = 004C944B2801F30B0012F9EA /* Assets.xcassets */; };
		004C944F2801F30B0012F9EA /* LaunchScreen.storyboard in Resources */ = {isa = PBXBuildFile; fileRef = 004C944D2801F30B0012F9EA /* LaunchScreen.storyboard */; };
		004C94522801F30B0012F9EA /* main.m in Sources */ = {isa = PBXBuildFile; fileRef = 004C94512801F30B0012F9EA /* main.m */; };
		004C945C2801F30C0012F9EA /* TestHelloTests.m in Sources */ = {isa = PBXBuildFile; fileRef = 004C945B2801F30C0012F9EA /* TestHelloTests.m */; };
		004C94662801F30C0012F9EA /* TestHelloUITests.m in Sources */ = {isa = PBXBuildFile; fileRef = 004C94652801F30C0012F9EA /* TestHelloUITests.m */; };
		004C94682801F30C0012F9EA /* TestHelloUITestsLaunchTests.m in Sources */ = {isa = PBXBuildFile; fileRef = 004C94672801F30C0012F9EA /* TestHelloUITestsLaunchTests.m */; };
		5458101E02FFEBB83CEF2EE7 /* Pods_TestHello.framework in Frameworks */ = {isa = PBXBuildFile; fileRef = CD60597C7EBC0665F912FB74 /* Pods_TestHello.framework */; };
		5711343C2817D787006C80D4 /* HelloSDK.h in Headers */ = {isa = PBXBuildFile; fileRef = 5711343B2817D787006C80D4 /* HelloSDK.h */; settings = {ATTRIBUTES = (Public, ); }; };
		5711345A2817D8E4006C80D4 /* HoBaseViewController.m in Sources */ = {isa = PBXBuildFile; fileRef = 5711344E2817D8E4006C80D4 /* HoBaseViewController.m */; };
		5711345B2817D8E4006C80D4 /* HoBaseViewController.h in Headers */ = {isa = PBXBuildFile; fileRef = 5711344F2817D8E4006C80D4 /* HoBaseViewController.h */; };
		5711345C2817D8E4006C80D4 /* HelloSDK.docc in Sources */ = {isa = PBXBuildFile; fileRef = 571134502817D8E4006C80D4 /* HelloSDK.docc */; };
		5711345D2817D8E4006C80D4 /* Assets.xcassets in Resources */ = {isa = PBXBuildFile; fileRef = 571134522817D8E4006C80D4 /* Assets.xcassets */; };
		5711345E2817D8E4006C80D4 /* hello.bundle in Resources */ = {isa = PBXBuildFile; fileRef = 571134532817D8E4006C80D4 /* hello.bundle */; };
		5711345F2817D8E4006C80D4 /* Hello.storyboard in Resources */ = {isa = PBXBuildFile; fileRef = 571134552817D8E4006C80D4 /* Hello.storyboard */; };
		571134602817D8E4006C80D4 /* HoHomeViewController.xib in Resources */ = {isa = PBXBuildFile; fileRef = 571134572817D8E4006C80D4 /* HoHomeViewController.xib */; };
		571134612817D8E4006C80D4 /* HoHomeViewController.m in Sources */ = {isa = PBXBuildFile; fileRef = 571134582817D8E4006C80D4 /* HoHomeViewController.m */; };
		571134622817D8E4006C80D4 /* HoHomeViewController.h in Headers */ = {isa = PBXBuildFile; fileRef = 571134592817D8E4006C80D4 /* HoHomeViewController.h */; };
		571134672817D919006C80D4 /* AAAConfig.m in Sources */ = {isa = PBXBuildFile; fileRef = 571134632817D919006C80D4 /* AAAConfig.m */; };
		571134682817D919006C80D4 /* AAAConfig.h in Headers */ = {isa = PBXBuildFile; fileRef = 571134642817D919006C80D4 /* AAAConfig.h */; settings = {ATTRIBUTES = (Public, ); }; };
		5711346A2817D919006C80D4 /* AAASDK.docc in Sources */ = {isa = PBXBuildFile; fileRef = 571134662817D919006C80D4 /* AAASDK.docc */; };
		5711346B2817D934006C80D4 /* HelloSDK.framework in Frameworks */ = {isa = PBXBuildFile; fileRef = 571134392817D787006C80D4 /* HelloSDK.framework */; };
		5711346C2817D934006C80D4 /* HelloSDK.framework in Embed Frameworks */ = {isa = PBXBuildFile; fileRef = 571134392817D787006C80D4 /* HelloSDK.framework */; settings = {ATTRIBUTES = (CodeSignOnCopy, RemoveHeadersOnCopy, ); }; };
		571134712817DACB006C80D4 /* AAASDK.h in Headers */ = {isa = PBXBuildFile; fileRef = 571134702817DACB006C80D4 /* AAASDK.h */; settings = {ATTRIBUTES = (Public, ); }; };
		571134742817DCBE006C80D4 /* AAASDK.framework in Frameworks */ = {isa = PBXBuildFile; fileRef = 571134732817DCBE006C80D4 /* AAASDK.framework */; };
		5711347A2817DD03006C80D4 /* Pods_AAASDK.framework in Frameworks */ = {isa = PBXBuildFile; fileRef = 6B06010A532326B324D3C8A5 /* Pods_AAASDK.framework */; };
		5711347B2817DD03006C80D4 /* Pods_AAASDK.framework in Embed Frameworks */ = {isa = PBXBuildFile; fileRef = 6B06010A532326B324D3C8A5 /* Pods_AAASDK.framework */; settings = {ATTRIBUTES = (CodeSignOnCopy, RemoveHeadersOnCopy, ); }; };
		5711347D2817DF76006C80D4 /* AAASDK-Debug.xcconfig in Resources */ = {isa = PBXBuildFile; fileRef = 5711347C2817DF76006C80D4 /* AAASDK-Debug.xcconfig */; };
		5711347F2817DFB0006C80D4 /* AAASDK-Release.xcconfig in Resources */ = {isa = PBXBuildFile; fileRef = 5711347E2817DFB0006C80D4 /* AAASDK-Release.xcconfig */; };
		571134812817DFC2006C80D4 /* AAASDK.xcconfig in Resources */ = {isa = PBXBuildFile; fileRef = 571134802817DFC2006C80D4 /* AAASDK.xcconfig */; };
		804CEC9233F0F31AF6B054D4 /* Pods_HelloSDK.framework in Frameworks */ = {isa = PBXBuildFile; fileRef = 2333B781B6154F33776C6BF6 /* Pods_HelloSDK.framework */; };
/* End PBXBuildFile section */

/* Begin PBXContainerItemProxy section */
		004C94582801F30C0012F9EA /* PBXContainerItemProxy */ = {
			isa = PBXContainerItemProxy;
			containerPortal = 57A9C53E28003E0B00CBF661 /* Project object */;
			proxyType = 1;
			remoteGlobalIDString = 004C943C2801F30A0012F9EA;
			remoteInfo = TestHello;
		};
		004C94622801F30C0012F9EA /* PBXContainerItemProxy */ = {
			isa = PBXContainerItemProxy;
			containerPortal = 57A9C53E28003E0B00CBF661 /* Project object */;
			proxyType = 1;
			remoteGlobalIDString = 004C943C2801F30A0012F9EA;
			remoteInfo = TestHello;
		};
		5711346D2817D934006C80D4 /* PBXContainerItemProxy */ = {
			isa = PBXContainerItemProxy;
			containerPortal = 57A9C53E28003E0B00CBF661 /* Project object */;
			proxyType = 1;
			remoteGlobalIDString = 571134382817D787006C80D4;
			remoteInfo = HelloSDK;
		};
/* End PBXContainerItemProxy section */

/* Begin PBXCopyFilesBuildPhase section */
		5711346F2817D934006C80D4 /* Embed Frameworks */ = {
			isa = PBXCopyFilesBuildPhase;
			buildActionMask = 2147483647;
			dstPath = "";
			dstSubfolderSpec = 10;
			files = (
				5711346C2817D934006C80D4 /* HelloSDK.framework in Embed Frameworks */,
			);
			name = "Embed Frameworks";
			runOnlyForDeploymentPostprocessing = 0;
		};
		571134792817DD01006C80D4 /* Embed Frameworks */ = {
			isa = PBXCopyFilesBuildPhase;
			buildActionMask = 2147483647;
			dstPath = "";
			dstSubfolderSpec = 10;
			files = (
				5711347B2817DD03006C80D4 /* Pods_AAASDK.framework in Embed Frameworks */,
			);
			name = "Embed Frameworks";
			runOnlyForDeploymentPostprocessing = 0;
		};
/* End PBXCopyFilesBuildPhase section */

/* Begin PBXFileReference section */
		004C943D2801F30A0012F9EA /* TestHello.app */ = {isa = PBXFileReference; explicitFileType = wrapper.application; includeInIndex = 0; path = TestHello.app; sourceTree = BUILT_PRODUCTS_DIR; };
		004C943F2801F30A0012F9EA /* AppDelegate.h */ = {isa = PBXFileReference; lastKnownFileType = sourcecode.c.h; path = AppDelegate.h; sourceTree = "<group>"; };
		004C94402801F30A0012F9EA /* AppDelegate.m */ = {isa = PBXFileReference; lastKnownFileType = sourcecode.c.objc; path = AppDelegate.m; sourceTree = "<group>"; };
		004C94422801F30A0012F9EA /* SceneDelegate.h */ = {isa = PBXFileReference; lastKnownFileType = sourcecode.c.h; path = SceneDelegate.h; sourceTree = "<group>"; };
		004C94432801F30A0012F9EA /* SceneDelegate.m */ = {isa = PBXFileReference; lastKnownFileType = sourcecode.c.objc; path = SceneDelegate.m; sourceTree = "<group>"; };
		004C94452801F30A0012F9EA /* ViewController.h */ = {isa = PBXFileReference; lastKnownFileType = sourcecode.c.h; path = ViewController.h; sourceTree = "<group>"; };
		004C94462801F30A0012F9EA /* ViewController.m */ = {isa = PBXFileReference; lastKnownFileType = sourcecode.c.objc; path = ViewController.m; sourceTree = "<group>"; };
		004C94492801F30A0012F9EA /* Base */ = {isa = PBXFileReference; lastKnownFileType = file.storyboard; name = Base; path = Base.lproj/Main.storyboard; sourceTree = "<group>"; };
		004C944B2801F30B0012F9EA /* Assets.xcassets */ = {isa = PBXFileReference; lastKnownFileType = folder.assetcatalog; path = Assets.xcassets; sourceTree = "<group>"; };
		004C944E2801F30B0012F9EA /* Base */ = {isa = PBXFileReference; lastKnownFileType = file.storyboard; name = Base; path = Base.lproj/LaunchScreen.storyboard; sourceTree = "<group>"; };
		004C94502801F30B0012F9EA /* Info.plist */ = {isa = PBXFileReference; lastKnownFileType = text.plist.xml; path = Info.plist; sourceTree = "<group>"; };
		004C94512801F30B0012F9EA /* main.m */ = {isa = PBXFileReference; lastKnownFileType = sourcecode.c.objc; path = main.m; sourceTree = "<group>"; };
		004C94572801F30C0012F9EA /* TestHelloTests.xctest */ = {isa = PBXFileReference; explicitFileType = wrapper.cfbundle; includeInIndex = 0; path = TestHelloTests.xctest; sourceTree = BUILT_PRODUCTS_DIR; };
		004C945B2801F30C0012F9EA /* TestHelloTests.m */ = {isa = PBXFileReference; lastKnownFileType = sourcecode.c.objc; path = TestHelloTests.m; sourceTree = "<group>"; };
		004C94612801F30C0012F9EA /* TestHelloUITests.xctest */ = {isa = PBXFileReference; explicitFileType = wrapper.cfbundle; includeInIndex = 0; path = TestHelloUITests.xctest; sourceTree = BUILT_PRODUCTS_DIR; };
		004C94652801F30C0012F9EA /* TestHelloUITests.m */ = {isa = PBXFileReference; lastKnownFileType = sourcecode.c.objc; path = TestHelloUITests.m; sourceTree = "<group>"; };
		004C94672801F30C0012F9EA /* TestHelloUITestsLaunchTests.m */ = {isa = PBXFileReference; lastKnownFileType = sourcecode.c.objc; path = TestHelloUITestsLaunchTests.m; sourceTree = "<group>"; };
		2333B781B6154F33776C6BF6 /* Pods_HelloSDK.framework */ = {isa = PBXFileReference; explicitFileType = wrapper.framework; includeInIndex = 0; path = Pods_HelloSDK.framework; sourceTree = BUILT_PRODUCTS_DIR; };
		571134392817D787006C80D4 /* HelloSDK.framework */ = {isa = PBXFileReference; explicitFileType = wrapper.framework; includeInIndex = 0; path = HelloSDK.framework; sourceTree = BUILT_PRODUCTS_DIR; };
		5711343B2817D787006C80D4 /* HelloSDK.h */ = {isa = PBXFileReference; lastKnownFileType = sourcecode.c.h; path = HelloSDK.h; sourceTree = "<group>"; };
		571134452817D79A006C80D4 /* AAASDK.framework */ = {isa = PBXFileReference; explicitFileType = wrapper.framework; includeInIndex = 0; path = AAASDK.framework; sourceTree = BUILT_PRODUCTS_DIR; };
		5711344E2817D8E4006C80D4 /* HoBaseViewController.m */ = {isa = PBXFileReference; fileEncoding = 4; lastKnownFileType = sourcecode.c.objc; path = HoBaseViewController.m; sourceTree = "<group>"; };
		5711344F2817D8E4006C80D4 /* HoBaseViewController.h */ = {isa = PBXFileReference; fileEncoding = 4; lastKnownFileType = sourcecode.c.h; path = HoBaseViewController.h; sourceTree = "<group>"; };
		571134502817D8E4006C80D4 /* HelloSDK.docc */ = {isa = PBXFileReference; lastKnownFileType = folder.documentationcatalog; path = HelloSDK.docc; sourceTree = "<group>"; };
		571134522817D8E4006C80D4 /* Assets.xcassets */ = {isa = PBXFileReference; lastKnownFileType = folder.assetcatalog; path = Assets.xcassets; sourceTree = "<group>"; };
		571134532817D8E4006C80D4 /* hello.bundle */ = {isa = PBXFileReference; lastKnownFileType = "wrapper.plug-in"; path = hello.bundle; sourceTree = "<group>"; };
		571134552817D8E4006C80D4 /* Hello.storyboard */ = {isa = PBXFileReference; fileEncoding = 4; lastKnownFileType = file.storyboard; path = Hello.storyboard; sourceTree = "<group>"; };
		571134572817D8E4006C80D4 /* HoHomeViewController.xib */ = {isa = PBXFileReference; fileEncoding = 4; lastKnownFileType = file.xib; path = HoHomeViewController.xib; sourceTree = "<group>"; };
		571134582817D8E4006C80D4 /* HoHomeViewController.m */ = {isa = PBXFileReference; fileEncoding = 4; lastKnownFileType = sourcecode.c.objc; path = HoHomeViewController.m; sourceTree = "<group>"; };
		571134592817D8E4006C80D4 /* HoHomeViewController.h */ = {isa = PBXFileReference; fileEncoding = 4; lastKnownFileType = sourcecode.c.h; path = HoHomeViewController.h; sourceTree = "<group>"; };
		571134632817D919006C80D4 /* AAAConfig.m */ = {isa = PBXFileReference; fileEncoding = 4; lastKnownFileType = sourcecode.c.objc; path = AAAConfig.m; sourceTree = "<group>"; };
		571134642817D919006C80D4 /* AAAConfig.h */ = {isa = PBXFileReference; fileEncoding = 4; lastKnownFileType = sourcecode.c.h; path = AAAConfig.h; sourceTree = "<group>"; };
		571134662817D919006C80D4 /* AAASDK.docc */ = {isa = PBXFileReference; lastKnownFileType = folder.documentationcatalog; path = AAASDK.docc; sourceTree = "<group>"; };
		571134702817DACB006C80D4 /* AAASDK.h */ = {isa = PBXFileReference; fileEncoding = 4; lastKnownFileType = sourcecode.c.h; path = AAASDK.h; sourceTree = "<group>"; };
		571134732817DCBE006C80D4 /* AAASDK.framework */ = {isa = PBXFileReference; lastKnownFileType = wrapper.framework; path = AAASDK.framework; sourceTree = "<group>"; };
		5711347C2817DF76006C80D4 /* AAASDK-Debug.xcconfig */ = {isa = PBXFileReference; lastKnownFileType = text.xcconfig; path = "AAASDK-Debug.xcconfig"; sourceTree = "<group>"; };
		5711347E2817DFB0006C80D4 /* AAASDK-Release.xcconfig */ = {isa = PBXFileReference; lastKnownFileType = text.xcconfig; path = "AAASDK-Release.xcconfig"; sourceTree = "<group>"; };
		571134802817DFC2006C80D4 /* AAASDK.xcconfig */ = {isa = PBXFileReference; lastKnownFileType = text.xcconfig; path = AAASDK.xcconfig; sourceTree = "<group>"; };
		6626C86F770330FE048AAC35 /* Pods-HelloSDK.release.xcconfig */ = {isa = PBXFileReference; includeInIndex = 1; lastKnownFileType = text.xcconfig; name = "Pods-HelloSDK.release.xcconfig"; path = "Target Support Files/Pods-HelloSDK/Pods-HelloSDK.release.xcconfig"; sourceTree = "<group>"; };
		6B06010A532326B324D3C8A5 /* Pods_AAASDK.framework */ = {isa = PBXFileReference; explicitFileType = wrapper.framework; includeInIndex = 0; path = Pods_AAASDK.framework; sourceTree = BUILT_PRODUCTS_DIR; };
		6E3DE84301E487C912FF310D /* Pods-AAASDK.release.xcconfig */ = {isa = PBXFileReference; includeInIndex = 1; lastKnownFileType = text.xcconfig; name = "Pods-AAASDK.release.xcconfig"; path = "Target Support Files/Pods-AAASDK/Pods-AAASDK.release.xcconfig"; sourceTree = "<group>"; };
		70ED877E1599CACE663B7987 /* Pods-TestHello.debug.xcconfig */ = {isa = PBXFileReference; includeInIndex = 1; lastKnownFileType = text.xcconfig; name = "Pods-TestHello.debug.xcconfig"; path = "Target Support Files/Pods-TestHello/Pods-TestHello.debug.xcconfig"; sourceTree = "<group>"; };
		B1E2C704E02AADD2339F3376 /* Pods-AAASDK.debug.xcconfig */ = {isa = PBXFileReference; includeInIndex = 1; lastKnownFileType = text.xcconfig; name = "Pods-AAASDK.debug.xcconfig"; path = "Target Support Files/Pods-AAASDK/Pods-AAASDK.debug.xcconfig"; sourceTree = "<group>"; };
		C2A218DBF24E3D901299299D /* Pods-HelloSDK.debug.xcconfig */ = {isa = PBXFileReference; includeInIndex = 1; lastKnownFileType = text.xcconfig; name = "Pods-HelloSDK.debug.xcconfig"; path = "Target Support Files/Pods-HelloSDK/Pods-HelloSDK.debug.xcconfig"; sourceTree = "<group>"; };
		CD60597C7EBC0665F912FB74 /* Pods_TestHello.framework */ = {isa = PBXFileReference; explicitFileType = wrapper.framework; includeInIndex = 0; path = Pods_TestHello.framework; sourceTree = BUILT_PRODUCTS_DIR; };
		E6E94FF75645864C00DEA97C /* Pods-TestHello.release.xcconfig */ = {isa = PBXFileReference; includeInIndex = 1; lastKnownFileType = text.xcconfig; name = "Pods-TestHello.release.xcconfig"; path = "Target Support Files/Pods-TestHello/Pods-TestHello.release.xcconfig"; sourceTree = "<group>"; };
/* End PBXFileReference section */

/* Begin PBXFrameworksBuildPhase section */
		004C943A2801F30A0012F9EA /* Frameworks */ = {
			isa = PBXFrameworksBuildPhase;
			buildActionMask = 2147483647;
			files = (
				5711346B2817D934006C80D4 /* HelloSDK.framework in Frameworks */,
				571134742817DCBE006C80D4 /* AAASDK.framework in Frameworks */,
				5458101E02FFEBB83CEF2EE7 /* Pods_TestHello.framework in Frameworks */,
			);
			runOnlyForDeploymentPostprocessing = 0;
		};
		004C94542801F30C0012F9EA /* Frameworks */ = {
			isa = PBXFrameworksBuildPhase;
			buildActionMask = 2147483647;
			files = (
			);
			runOnlyForDeploymentPostprocessing = 0;
		};
		004C945E2801F30C0012F9EA /* Frameworks */ = {
			isa = PBXFrameworksBuildPhase;
			buildActionMask = 2147483647;
			files = (
			);
			runOnlyForDeploymentPostprocessing = 0;
		};
		571134362817D787006C80D4 /* Frameworks */ = {
			isa = PBXFrameworksBuildPhase;
			buildActionMask = 2147483647;
			files = (
				804CEC9233F0F31AF6B054D4 /* Pods_HelloSDK.framework in Frameworks */,
			);
			runOnlyForDeploymentPostprocessing = 0;
		};
		571134422817D79A006C80D4 /* Frameworks */ = {
			isa = PBXFrameworksBuildPhase;
			buildActionMask = 2147483647;
			files = (
				5711347A2817DD03006C80D4 /* Pods_AAASDK.framework in Frameworks */,
			);
			runOnlyForDeploymentPostprocessing = 0;
		};
/* End PBXFrameworksBuildPhase section */

/* Begin PBXGroup section */
		004C943E2801F30A0012F9EA /* TestHello */ = {
			isa = PBXGroup;
			children = (
				571134722817DC80006C80D4 /* Libs */,
				004C943F2801F30A0012F9EA /* AppDelegate.h */,
				004C94402801F30A0012F9EA /* AppDelegate.m */,
				004C94422801F30A0012F9EA /* SceneDelegate.h */,
				004C94432801F30A0012F9EA /* SceneDelegate.m */,
				004C94452801F30A0012F9EA /* ViewController.h */,
				004C94462801F30A0012F9EA /* ViewController.m */,
				004C94482801F30A0012F9EA /* Main.storyboard */,
				004C944B2801F30B0012F9EA /* Assets.xcassets */,
				004C944D2801F30B0012F9EA /* LaunchScreen.storyboard */,
				004C94502801F30B0012F9EA /* Info.plist */,
				004C94512801F30B0012F9EA /* main.m */,
			);
			path = TestHello;
			sourceTree = "<group>";
		};
		004C945A2801F30C0012F9EA /* TestHelloTests */ = {
			isa = PBXGroup;
			children = (
				004C945B2801F30C0012F9EA /* TestHelloTests.m */,
			);
			path = TestHelloTests;
			sourceTree = "<group>";
		};
		004C94642801F30C0012F9EA /* TestHelloUITests */ = {
			isa = PBXGroup;
			children = (
				004C94652801F30C0012F9EA /* TestHelloUITests.m */,
				004C94672801F30C0012F9EA /* TestHelloUITestsLaunchTests.m */,
			);
			path = TestHelloUITests;
			sourceTree = "<group>";
		};
		13F72D5DB4DE7E1EA4548606 /* Frameworks */ = {
			isa = PBXGroup;
			children = (
				2333B781B6154F33776C6BF6 /* Pods_HelloSDK.framework */,
				CD60597C7EBC0665F912FB74 /* Pods_TestHello.framework */,
				6B06010A532326B324D3C8A5 /* Pods_AAASDK.framework */,
			);
			name = Frameworks;
			sourceTree = "<group>";
		};
		5711343A2817D787006C80D4 /* HelloSDK */ = {
			isa = PBXGroup;
			children = (
				5711344C2817D8E4006C80D4 /* Base */,
				571134502817D8E4006C80D4 /* HelloSDK.docc */,
				571134542817D8E4006C80D4 /* Home */,
				571134512817D8E4006C80D4 /* Resource */,
				5711343B2817D787006C80D4 /* HelloSDK.h */,
			);
			path = HelloSDK;
			sourceTree = "<group>";
		};
		571134462817D79A006C80D4 /* AAASDK */ = {
			isa = PBXGroup;
			children = (
				571134702817DACB006C80D4 /* AAASDK.h */,
				571134642817D919006C80D4 /* AAAConfig.h */,
				571134632817D919006C80D4 /* AAAConfig.m */,
				571134662817D919006C80D4 /* AAASDK.docc */,
				5711347C2817DF76006C80D4 /* AAASDK-Debug.xcconfig */,
				5711347E2817DFB0006C80D4 /* AAASDK-Release.xcconfig */,
				571134802817DFC2006C80D4 /* AAASDK.xcconfig */,
			);
			path = AAASDK;
			sourceTree = "<group>";
		};
		5711344C2817D8E4006C80D4 /* Base */ = {
			isa = PBXGroup;
			children = (
				5711344D2817D8E4006C80D4 /* Controller */,
			);
			path = Base;
			sourceTree = "<group>";
		};
		5711344D2817D8E4006C80D4 /* Controller */ = {
			isa = PBXGroup;
			children = (
				5711344E2817D8E4006C80D4 /* HoBaseViewController.m */,
				5711344F2817D8E4006C80D4 /* HoBaseViewController.h */,
			);
			path = Controller;
			sourceTree = "<group>";
		};
		571134512817D8E4006C80D4 /* Resource */ = {
			isa = PBXGroup;
			children = (
				571134522817D8E4006C80D4 /* Assets.xcassets */,
				571134532817D8E4006C80D4 /* hello.bundle */,
			);
			path = Resource;
			sourceTree = "<group>";
		};
		571134542817D8E4006C80D4 /* Home */ = {
			isa = PBXGroup;
			children = (
				571134552817D8E4006C80D4 /* Hello.storyboard */,
				571134562817D8E4006C80D4 /* Controller */,
			);
			path = Home;
			sourceTree = "<group>";
		};
		571134562817D8E4006C80D4 /* Controller */ = {
			isa = PBXGroup;
			children = (
				571134572817D8E4006C80D4 /* HoHomeViewController.xib */,
				571134582817D8E4006C80D4 /* HoHomeViewController.m */,
				571134592817D8E4006C80D4 /* HoHomeViewController.h */,
			);
			path = Controller;
			sourceTree = "<group>";
		};
		571134722817DC80006C80D4 /* Libs */ = {
			isa = PBXGroup;
			children = (
				571134732817DCBE006C80D4 /* AAASDK.framework */,
			);
			path = Libs;
			sourceTree = "<group>";
		};
		57A9C53D28003E0B00CBF661 = {
			isa = PBXGroup;
			children = (
				004C943E2801F30A0012F9EA /* TestHello */,
				004C945A2801F30C0012F9EA /* TestHelloTests */,
				004C94642801F30C0012F9EA /* TestHelloUITests */,
				5711343A2817D787006C80D4 /* HelloSDK */,
				571134462817D79A006C80D4 /* AAASDK */,
				57A9C54828003E0B00CBF661 /* Products */,
				E5B87588A006F3A997DD4ABA /* Pods */,
				13F72D5DB4DE7E1EA4548606 /* Frameworks */,
			);
			sourceTree = "<group>";
		};
		57A9C54828003E0B00CBF661 /* Products */ = {
			isa = PBXGroup;
			children = (
				004C943D2801F30A0012F9EA /* TestHello.app */,
				004C94572801F30C0012F9EA /* TestHelloTests.xctest */,
				004C94612801F30C0012F9EA /* TestHelloUITests.xctest */,
				571134392817D787006C80D4 /* HelloSDK.framework */,
				571134452817D79A006C80D4 /* AAASDK.framework */,
			);
			name = Products;
			sourceTree = "<group>";
		};
		E5B87588A006F3A997DD4ABA /* Pods */ = {
			isa = PBXGroup;
			children = (
				70ED877E1599CACE663B7987 /* Pods-TestHello.debug.xcconfig */,
				E6E94FF75645864C00DEA97C /* Pods-TestHello.release.xcconfig */,
				C2A218DBF24E3D901299299D /* Pods-HelloSDK.debug.xcconfig */,
				6626C86F770330FE048AAC35 /* Pods-HelloSDK.release.xcconfig */,
				B1E2C704E02AADD2339F3376 /* Pods-AAASDK.debug.xcconfig */,
				6E3DE84301E487C912FF310D /* Pods-AAASDK.release.xcconfig */,
			);
			path = Pods;
			sourceTree = "<group>";
		};
/* End PBXGroup section */

/* Begin PBXHeadersBuildPhase section */
		571134342817D787006C80D4 /* Headers */ = {
			isa = PBXHeadersBuildPhase;
			buildActionMask = 2147483647;
			files = (
				5711343C2817D787006C80D4 /* HelloSDK.h in Headers */,
				5711345B2817D8E4006C80D4 /* HoBaseViewController.h in Headers */,
				571134622817D8E4006C80D4 /* HoHomeViewController.h in Headers */,
			);
			runOnlyForDeploymentPostprocessing = 0;
		};
		571134402817D79A006C80D4 /* Headers */ = {
			isa = PBXHeadersBuildPhase;
			buildActionMask = 2147483647;
			files = (
				571134682817D919006C80D4 /* AAAConfig.h in Headers */,
				571134712817DACB006C80D4 /* AAASDK.h in Headers */,
			);
			runOnlyForDeploymentPostprocessing = 0;
		};
/* End PBXHeadersBuildPhase section */

/* Begin PBXNativeTarget section */
		004C943C2801F30A0012F9EA /* TestHello */ = {
			isa = PBXNativeTarget;
			buildConfigurationList = 004C946F2801F30C0012F9EA /* Build configuration list for PBXNativeTarget "TestHello" */;
			buildPhases = (
				9B3EE46CCB7D6DB2A23F582D /* [CP] Check Pods Manifest.lock */,
				004C94392801F30A0012F9EA /* Sources */,
				004C943A2801F30A0012F9EA /* Frameworks */,
				004C943B2801F30A0012F9EA /* Resources */,
				CEC4EBF778A56B2F718AAA5B /* [CP] Embed Pods Frameworks */,
				5711346F2817D934006C80D4 /* Embed Frameworks */,
			);
			buildRules = (
			);
			dependencies = (
				5711346E2817D934006C80D4 /* PBXTargetDependency */,
			);
			name = TestHello;
			productName = TestHello;
			productReference = 004C943D2801F30A0012F9EA /* TestHello.app */;
			productType = "com.apple.product-type.application";
		};
		004C94562801F30C0012F9EA /* TestHelloTests */ = {
			isa = PBXNativeTarget;
			buildConfigurationList = 004C94702801F30C0012F9EA /* Build configuration list for PBXNativeTarget "TestHelloTests" */;
			buildPhases = (
				004C94532801F30C0012F9EA /* Sources */,
				004C94542801F30C0012F9EA /* Frameworks */,
				004C94552801F30C0012F9EA /* Resources */,
			);
			buildRules = (
			);
			dependencies = (
				004C94592801F30C0012F9EA /* PBXTargetDependency */,
			);
			name = TestHelloTests;
			productName = TestHelloTests;
			productReference = 004C94572801F30C0012F9EA /* TestHelloTests.xctest */;
			productType = "com.apple.product-type.bundle.unit-test";
		};
		004C94602801F30C0012F9EA /* TestHelloUITests */ = {
			isa = PBXNativeTarget;
			buildConfigurationList = 004C94712801F30C0012F9EA /* Build configuration list for PBXNativeTarget "TestHelloUITests" */;
			buildPhases = (
				004C945D2801F30C0012F9EA /* Sources */,
				004C945E2801F30C0012F9EA /* Frameworks */,
				004C945F2801F30C0012F9EA /* Resources */,
			);
			buildRules = (
			);
			dependencies = (
				004C94632801F30C0012F9EA /* PBXTargetDependency */,
			);
			name = TestHelloUITests;
			productName = TestHelloUITests;
			productReference = 004C94612801F30C0012F9EA /* TestHelloUITests.xctest */;
			productType = "com.apple.product-type.bundle.ui-testing";
		};
		571134382817D787006C80D4 /* HelloSDK */ = {
			isa = PBXNativeTarget;
			buildConfigurationList = 5711343D2817D787006C80D4 /* Build configuration list for PBXNativeTarget "HelloSDK" */;
			buildPhases = (
				78F2F076F44A987C8B40397D /* [CP] Check Pods Manifest.lock */,
				571134342817D787006C80D4 /* Headers */,
				571134352817D787006C80D4 /* Sources */,
				571134362817D787006C80D4 /* Frameworks */,
				571134372817D787006C80D4 /* Resources */,
			);
			buildRules = (
			);
			dependencies = (
			);
			name = HelloSDK;
			productName = HelloSDK;
			productReference = 571134392817D787006C80D4 /* HelloSDK.framework */;
			productType = "com.apple.product-type.framework";
		};
		571134442817D79A006C80D4 /* AAASDK */ = {
			isa = PBXNativeTarget;
			buildConfigurationList = 571134492817D79A006C80D4 /* Build configuration list for PBXNativeTarget "AAASDK" */;
			buildPhases = (
				E2B242C73EE9B9DF8FB725AF /* [CP] Check Pods Manifest.lock */,
				571134402817D79A006C80D4 /* Headers */,
				571134412817D79A006C80D4 /* Sources */,
				571134422817D79A006C80D4 /* Frameworks */,
				571134432817D79A006C80D4 /* Resources */,
				571134792817DD01006C80D4 /* Embed Frameworks */,
			);
			buildRules = (
			);
			dependencies = (
			);
			name = AAASDK;
			productName = AAASDK;
			productReference = 571134452817D79A006C80D4 /* AAASDK.framework */;
			productType = "com.apple.product-type.framework";
		};
/* End PBXNativeTarget section */

/* Begin PBXProject section */
		57A9C53E28003E0B00CBF661 /* Project object */ = {
			isa = PBXProject;
			attributes = {
				BuildIndependentTargetsInParallel = 1;
				LastUpgradeCheck = 1320;
				TargetAttributes = {
					004C943C2801F30A0012F9EA = {
						CreatedOnToolsVersion = 13.2.1;
					};
					004C94562801F30C0012F9EA = {
						CreatedOnToolsVersion = 13.2.1;
						TestTargetID = 004C943C2801F30A0012F9EA;
					};
					004C94602801F30C0012F9EA = {
						CreatedOnToolsVersion = 13.2.1;
						TestTargetID = 004C943C2801F30A0012F9EA;
					};
					571134382817D787006C80D4 = {
						CreatedOnToolsVersion = 13.3.1;
					};
					571134442817D79A006C80D4 = {
						CreatedOnToolsVersion = 13.3.1;
					};
					57236B8A28178BBF009F3EC6 = {
						CreatedOnToolsVersion = 13.2.1;
					};
				};
			};
			buildConfigurationList = 57A9C54128003E0B00CBF661 /* Build configuration list for PBXProject "HelloSDK" */;
			compatibilityVersion = "Xcode 13.0";
			developmentRegion = en;
			hasScannedForEncodings = 0;
			knownRegions = (
				en,
				Base,
			);
			mainGroup = 57A9C53D28003E0B00CBF661;
			productRefGroup = 57A9C54828003E0B00CBF661 /* Products */;
			projectDirPath = "";
			projectRoot = "";
			targets = (
				004C943C2801F30A0012F9EA /* TestHello */,
				004C94562801F30C0012F9EA /* TestHelloTests */,
				004C94602801F30C0012F9EA /* TestHelloUITests */,
				57236B8A28178BBF009F3EC6 /* ExportXCFramework */,
				571134382817D787006C80D4 /* HelloSDK */,
				571134442817D79A006C80D4 /* AAASDK */,
			);
		};
/* End PBXProject section */

/* Begin PBXResourcesBuildPhase section */
		004C943B2801F30A0012F9EA /* Resources */ = {
			isa = PBXResourcesBuildPhase;
			buildActionMask = 2147483647;
			files = (
				004C944F2801F30B0012F9EA /* LaunchScreen.storyboard in Resources */,
				004C944C2801F30B0012F9EA /* Assets.xcassets in Resources */,
				004C944A2801F30A0012F9EA /* Main.storyboard in Resources */,
			);
			runOnlyForDeploymentPostprocessing = 0;
		};
		004C94552801F30C0012F9EA /* Resources */ = {
			isa = PBXResourcesBuildPhase;
			buildActionMask = 2147483647;
			files = (
			);
			runOnlyForDeploymentPostprocessing = 0;
		};
		004C945F2801F30C0012F9EA /* Resources */ = {
			isa = PBXResourcesBuildPhase;
			buildActionMask = 2147483647;
			files = (
			);
			runOnlyForDeploymentPostprocessing = 0;
		};
		571134372817D787006C80D4 /* Resources */ = {
			isa = PBXResourcesBuildPhase;
			buildActionMask = 2147483647;
			files = (
				571134602817D8E4006C80D4 /* HoHomeViewController.xib in Resources */,
				5711345E2817D8E4006C80D4 /* hello.bundle in Resources */,
				5711345F2817D8E4006C80D4 /* Hello.storyboard in Resources */,
				5711345D2817D8E4006C80D4 /* Assets.xcassets in Resources */,
			);
			runOnlyForDeploymentPostprocessing = 0;
		};
		571134432817D79A006C80D4 /* Resources */ = {
			isa = PBXResourcesBuildPhase;
			buildActionMask = 2147483647;
			files = (
				5711347D2817DF76006C80D4 /* AAASDK-Debug.xcconfig in Resources */,
				5711347F2817DFB0006C80D4 /* AAASDK-Release.xcconfig in Resources */,
				571134812817DFC2006C80D4 /* AAASDK.xcconfig in Resources */,
			);
			runOnlyForDeploymentPostprocessing = 0;
		};
/* End PBXResourcesBuildPhase section */

/* Begin PBXShellScriptBuildPhase section */
		57236B8E28178BC8009F3EC6 /* ShellScript */ = {
			isa = PBXShellScriptBuildPhase;
			buildActionMask = 2147483647;
			files = (
			);
			inputFileListPaths = (
			);
			inputPaths = (
			);
			outputFileListPaths = (
			);
			outputPaths = (
			);
			runOnlyForDeploymentPostprocessing = 0;
			shellPath = /bin/sh;
			shellScript = "#!/bin/bash\n# set framework folder name\n# 工程名称(Project的名字)\nPROJECT_NAME=\"HelloSDK\"\n# scheme名称\n# SCHEME_NAME=\"HelloSDK\"\nSCHEME_NAME=\"AAASDK\"\nConfiguration=\"Debug\"\n# 编译文件的位置\nProducts_Path=\"${SYMROOT}\"\n\nFRAMEWORK_FOLDER_NAME=\"${PROJECT_NAME}_${SCHEME_NAME}_XCFramework\"\n# set framework name or read it from project by this variable\n\n#xcframework path\n# 生成的xcframework\nEXPORT_FOLDER_PATH=\"${HOME}/Desktop/${FRAMEWORK_FOLDER_NAME}/${Configuration}\"\n# 生成xcframework的路劲\nEXPORT_XCFRAMEWORK_PATH=\"${EXPORT_FOLDER_PATH}/${SCHEME_NAME}.xcframework\"\n# 生成真机、模拟器二和一的路劲\nEXPORT_MIX_FRAMEWORK_PATH=\"${EXPORT_FOLDER_PATH}/${SCHEME_NAME}.framework\"\n# set path for iOS simulator archive\n# 删除之前生成的xcframework的文件夹\nrm -rf \"${EXPORT_FOLDER_PATH}\"\necho \"Deleted ${FRAMEWORK_FOLDER_NAME}\"\nmkdir \"${FRAMEWORK_FOLDER_NAME}\"\necho \"Created ${FRAMEWORK_FOLDER_NAME}\"\n\necho '==================start================'\ntotal_startTime_s=`date +%s`\n\n\n#Creating XCFramework\n# 创建的模拟器库的地址\nSIMULATOR_Framework_PATH=\"${Products_Path}/${Configuration}-iphonesimulator/${SCHEME_NAME}.framework\"\n# 创建的真机的库的地址\nIPHONE_Framework_PATH=\"${Products_Path}/${Configuration}-iphoneos/${SCHEME_NAME}.framework\"\n\n\n# 生成xcframework\necho '开始合成xcframework'\ncreate_xcframework_startTime_s=`date +%s`\n\nxcodebuild -create-xcframework \\\n-framework ${SIMULATOR_Framework_PATH} \\\n-framework ${IPHONE_Framework_PATH} \\\n-output \"${EXPORT_XCFRAMEWORK_PATH}\"\n\ncreate_xcframework_endTime_s=`date +%s`\necho \"合成xcframework时长：$[$create_xcframework_endTime_s - $create_xcframework_startTime_s]\"\necho '结束合成xcframework'\n\n# 生成真机模拟器二合一framework\necho '开始合成framework'\ncreate_mix_framework_startTime_s=`date +%s`\n\n# 先复制一个真机的版本到目标\ncp -rf ${IPHONE_Framework_PATH} ${EXPORT_MIX_FRAMEWORK_PATH}\n# 将真机和模拟器合并成一个\nlipo -create \\\n\"${SIMULATOR_Framework_PATH}/${SCHEME_NAME}\" \\\n\"${IPHONE_Framework_PATH}/${SCHEME_NAME}\" \\\n-output \"${EXPORT_MIX_FRAMEWORK_PATH}/${SCHEME_NAME}\"\n\ncreate_mix_framework_endTime_s=`date +%s`\necho \"合成framework时长：$[$create_mix_framework_endTime_s - $create_mix_framework_startTime_s]\"\necho '结束合成framework'\n\nrm -rf \"${TEMP_FRAMEWORK_DIR}\"\ntotal_endTime_s=`date +%s`\necho '==================end================'\necho \"总共时长：$[$total_endTime_s - $total_startTime_s]\"\n\nopen \"${EXPORT_FOLDER_PATH}\"\n\n";
		};
		78F2F076F44A987C8B40397D /* [CP] Check Pods Manifest.lock */ = {
			isa = PBXShellScriptBuildPhase;
			buildActionMask = 2147483647;
			files = (
			);
			inputFileListPaths = (
			);
			inputPaths = (
				"${PODS_PODFILE_DIR_PATH}/Podfile.lock",
				"${PODS_ROOT}/Manifest.lock",
			);
			name = "[CP] Check Pods Manifest.lock";
			outputFileListPaths = (
			);
			outputPaths = (
				"$(DERIVED_FILE_DIR)/Pods-HelloSDK-checkManifestLockResult.txt",
			);
			runOnlyForDeploymentPostprocessing = 0;
			shellPath = /bin/sh;
			shellScript = "diff \"${PODS_PODFILE_DIR_PATH}/Podfile.lock\" \"${PODS_ROOT}/Manifest.lock\" > /dev/null\nif [ $? != 0 ] ; then\n    # print error to STDERR\n    echo \"error: The sandbox is not in sync with the Podfile.lock. Run 'pod install' or update your CocoaPods installation.\" >&2\n    exit 1\nfi\n# This output is used by Xcode 'outputs' to avoid re-running this script phase.\necho \"SUCCESS\" > \"${SCRIPT_OUTPUT_FILE_0}\"\n";
			showEnvVarsInLog = 0;
		};
		9B3EE46CCB7D6DB2A23F582D /* [CP] Check Pods Manifest.lock */ = {
			isa = PBXShellScriptBuildPhase;
			buildActionMask = 2147483647;
			files = (
			);
			inputFileListPaths = (
			);
			inputPaths = (
				"${PODS_PODFILE_DIR_PATH}/Podfile.lock",
				"${PODS_ROOT}/Manifest.lock",
			);
			name = "[CP] Check Pods Manifest.lock";
			outputFileListPaths = (
			);
			outputPaths = (
				"$(DERIVED_FILE_DIR)/Pods-TestHello-checkManifestLockResult.txt",
			);
			runOnlyForDeploymentPostprocessing = 0;
			shellPath = /bin/sh;
			shellScript = "diff \"${PODS_PODFILE_DIR_PATH}/Podfile.lock\" \"${PODS_ROOT}/Manifest.lock\" > /dev/null\nif [ $? != 0 ] ; then\n    # print error to STDERR\n    echo \"error: The sandbox is not in sync with the Podfile.lock. Run 'pod install' or update your CocoaPods installation.\" >&2\n    exit 1\nfi\n# This output is used by Xcode 'outputs' to avoid re-running this script phase.\necho \"SUCCESS\" > \"${SCRIPT_OUTPUT_FILE_0}\"\n";
			showEnvVarsInLog = 0;
		};
		CEC4EBF778A56B2F718AAA5B /* [CP] Embed Pods Frameworks */ = {
			isa = PBXShellScriptBuildPhase;
			buildActionMask = 2147483647;
			files = (
			);
			inputFileListPaths = (
				"${PODS_ROOT}/Target Support Files/Pods-TestHello/Pods-TestHello-frameworks-${CONFIGURATION}-input-files.xcfilelist",
			);
			name = "[CP] Embed Pods Frameworks";
			outputFileListPaths = (
				"${PODS_ROOT}/Target Support Files/Pods-TestHello/Pods-TestHello-frameworks-${CONFIGURATION}-output-files.xcfilelist",
			);
			runOnlyForDeploymentPostprocessing = 0;
			shellPath = /bin/sh;
			shellScript = "\"${PODS_ROOT}/Target Support Files/Pods-TestHello/Pods-TestHello-frameworks.sh\"\n";
			showEnvVarsInLog = 0;
		};
		E2B242C73EE9B9DF8FB725AF /* [CP] Check Pods Manifest.lock */ = {
			isa = PBXShellScriptBuildPhase;
			buildActionMask = 2147483647;
			files = (
			);
			inputFileListPaths = (
			);
			inputPaths = (
				"${PODS_PODFILE_DIR_PATH}/Podfile.lock",
				"${PODS_ROOT}/Manifest.lock",
			);
			name = "[CP] Check Pods Manifest.lock";
			outputFileListPaths = (
			);
			outputPaths = (
				"$(DERIVED_FILE_DIR)/Pods-AAASDK-checkManifestLockResult.txt",
			);
			runOnlyForDeploymentPostprocessing = 0;
			shellPath = /bin/sh;
			shellScript = "diff \"${PODS_PODFILE_DIR_PATH}/Podfile.lock\" \"${PODS_ROOT}/Manifest.lock\" > /dev/null\nif [ $? != 0 ] ; then\n    # print error to STDERR\n    echo \"error: The sandbox is not in sync with the Podfile.lock. Run 'pod install' or update your CocoaPods installation.\" >&2\n    exit 1\nfi\n# This output is used by Xcode 'outputs' to avoid re-running this script phase.\necho \"SUCCESS\" > \"${SCRIPT_OUTPUT_FILE_0}\"\n";
			showEnvVarsInLog = 0;
		};
/* End PBXShellScriptBuildPhase section */

/* Begin PBXSourcesBuildPhase section */
		004C94392801F30A0012F9EA /* Sources */ = {
			isa = PBXSourcesBuildPhase;
			buildActionMask = 2147483647;
			files = (
				004C94472801F30A0012F9EA /* ViewController.m in Sources */,
				004C94412801F30A0012F9EA /* AppDelegate.m in Sources */,
				004C94522801F30B0012F9EA /* main.m in Sources */,
				004C94442801F30A0012F9EA /* SceneDelegate.m in Sources */,
			);
			runOnlyForDeploymentPostprocessing = 0;
		};
		004C94532801F30C0012F9EA /* Sources */ = {
			isa = PBXSourcesBuildPhase;
			buildActionMask = 2147483647;
			files = (
				004C945C2801F30C0012F9EA /* TestHelloTests.m in Sources */,
			);
			runOnlyForDeploymentPostprocessing = 0;
		};
		004C945D2801F30C0012F9EA /* Sources */ = {
			isa = PBXSourcesBuildPhase;
			buildActionMask = 2147483647;
			files = (
				004C94662801F30C0012F9EA /* TestHelloUITests.m in Sources */,
				004C94682801F30C0012F9EA /* TestHelloUITestsLaunchTests.m in Sources */,
			);
			runOnlyForDeploymentPostprocessing = 0;
		};
		571134352817D787006C80D4 /* Sources */ = {
			isa = PBXSourcesBuildPhase;
			buildActionMask = 2147483647;
			files = (
				571134612817D8E4006C80D4 /* HoHomeViewController.m in Sources */,
				5711345C2817D8E4006C80D4 /* HelloSDK.docc in Sources */,
				5711345A2817D8E4006C80D4 /* HoBaseViewController.m in Sources */,
			);
			runOnlyForDeploymentPostprocessing = 0;
		};
		571134412817D79A006C80D4 /* Sources */ = {
			isa = PBXSourcesBuildPhase;
			buildActionMask = 2147483647;
			files = (
				571134672817D919006C80D4 /* AAAConfig.m in Sources */,
				5711346A2817D919006C80D4 /* AAASDK.docc in Sources */,
			);
			runOnlyForDeploymentPostprocessing = 0;
		};
/* End PBXSourcesBuildPhase section */

/* Begin PBXTargetDependency section */
		004C94592801F30C0012F9EA /* PBXTargetDependency */ = {
			isa = PBXTargetDependency;
			target = 004C943C2801F30A0012F9EA /* TestHello */;
			targetProxy = 004C94582801F30C0012F9EA /* PBXContainerItemProxy */;
		};
		004C94632801F30C0012F9EA /* PBXTargetDependency */ = {
			isa = PBXTargetDependency;
			target = 004C943C2801F30A0012F9EA /* TestHello */;
			targetProxy = 004C94622801F30C0012F9EA /* PBXContainerItemProxy */;
		};
		5711346E2817D934006C80D4 /* PBXTargetDependency */ = {
			isa = PBXTargetDependency;
			target = 571134382817D787006C80D4 /* HelloSDK */;
			targetProxy = 5711346D2817D934006C80D4 /* PBXContainerItemProxy */;
		};
/* End PBXTargetDependency section */

/* Begin PBXVariantGroup section */
		004C94482801F30A0012F9EA /* Main.storyboard */ = {
			isa = PBXVariantGroup;
			children = (
				004C94492801F30A0012F9EA /* Base */,
			);
			name = Main.storyboard;
			sourceTree = "<group>";
		};
		004C944D2801F30B0012F9EA /* LaunchScreen.storyboard */ = {
			isa = PBXVariantGroup;
			children = (
				004C944E2801F30B0012F9EA /* Base */,
			);
			name = LaunchScreen.storyboard;
			sourceTree = "<group>";
		};
/* End PBXVariantGroup section */

/* Begin XCBuildConfiguration section */
		004C94692801F30C0012F9EA /* Debug */ = {
			isa = XCBuildConfiguration;
			baseConfigurationReference = 70ED877E1599CACE663B7987 /* Pods-TestHello.debug.xcconfig */;
			buildSettings = {
				ASSETCATALOG_COMPILER_APPICON_NAME = AppIcon;
				ASSETCATALOG_COMPILER_GLOBAL_ACCENT_COLOR_NAME = AccentColor;
				CODE_SIGN_STYLE = Automatic;
				CURRENT_PROJECT_VERSION = 1;
				FRAMEWORK_SEARCH_PATHS = (
					"$(inherited)",
					"$(PROJECT_DIR)/TestHello/Libs",
				);
				GENERATE_INFOPLIST_FILE = YES;
				INFOPLIST_FILE = TestHello/Info.plist;
				INFOPLIST_KEY_UIApplicationSupportsIndirectInputEvents = YES;
				INFOPLIST_KEY_UILaunchStoryboardName = LaunchScreen;
				INFOPLIST_KEY_UIMainStoryboardFile = Main;
				INFOPLIST_KEY_UISupportedInterfaceOrientations_iPad = "UIInterfaceOrientationPortrait UIInterfaceOrientationPortraitUpsideDown UIInterfaceOrientationLandscapeLeft UIInterfaceOrientationLandscapeRight";
				INFOPLIST_KEY_UISupportedInterfaceOrientations_iPhone = "UIInterfaceOrientationPortrait UIInterfaceOrientationLandscapeLeft UIInterfaceOrientationLandscapeRight";
				IPHONEOS_DEPLOYMENT_TARGET = 12.0;
				LD_RUNPATH_SEARCH_PATHS = (
					"$(inherited)",
					"@executable_path/Frameworks",
				);
				MARKETING_VERSION = 1.0;
				PRODUCT_BUNDLE_IDENTIFIER = com.hello.xx.oc.TestHello;
				PRODUCT_NAME = "$(TARGET_NAME)";
				SWIFT_EMIT_LOC_STRINGS = YES;
				TARGETED_DEVICE_FAMILY = "1,2";
			};
			name = Debug;
		};
		004C946A2801F30C0012F9EA /* Release */ = {
			isa = XCBuildConfiguration;
			baseConfigurationReference = E6E94FF75645864C00DEA97C /* Pods-TestHello.release.xcconfig */;
			buildSettings = {
				ASSETCATALOG_COMPILER_APPICON_NAME = AppIcon;
				ASSETCATALOG_COMPILER_GLOBAL_ACCENT_COLOR_NAME = AccentColor;
				CODE_SIGN_STYLE = Automatic;
				CURRENT_PROJECT_VERSION = 1;
				FRAMEWORK_SEARCH_PATHS = (
					"$(inherited)",
					"$(PROJECT_DIR)/TestHello/Libs",
				);
				GENERATE_INFOPLIST_FILE = YES;
				INFOPLIST_FILE = TestHello/Info.plist;
				INFOPLIST_KEY_UIApplicationSupportsIndirectInputEvents = YES;
				INFOPLIST_KEY_UILaunchStoryboardName = LaunchScreen;
				INFOPLIST_KEY_UIMainStoryboardFile = Main;
				INFOPLIST_KEY_UISupportedInterfaceOrientations_iPad = "UIInterfaceOrientationPortrait UIInterfaceOrientationPortraitUpsideDown UIInterfaceOrientationLandscapeLeft UIInterfaceOrientationLandscapeRight";
				INFOPLIST_KEY_UISupportedInterfaceOrientations_iPhone = "UIInterfaceOrientationPortrait UIInterfaceOrientationLandscapeLeft UIInterfaceOrientationLandscapeRight";
				IPHONEOS_DEPLOYMENT_TARGET = 12.0;
				LD_RUNPATH_SEARCH_PATHS = (
					"$(inherited)",
					"@executable_path/Frameworks",
				);
				MARKETING_VERSION = 1.0;
				PRODUCT_BUNDLE_IDENTIFIER = com.hello.xx.oc.TestHello;
				PRODUCT_NAME = "$(TARGET_NAME)";
				SWIFT_EMIT_LOC_STRINGS = YES;
				TARGETED_DEVICE_FAMILY = "1,2";
			};
			name = Release;
		};
		004C946B2801F30C0012F9EA /* Debug */ = {
			isa = XCBuildConfiguration;
			buildSettings = {
				BUNDLE_LOADER = "$(TEST_HOST)";
				CODE_SIGN_STYLE = Automatic;
				CURRENT_PROJECT_VERSION = 1;
				GENERATE_INFOPLIST_FILE = YES;
				IPHONEOS_DEPLOYMENT_TARGET = 15.2;
				MARKETING_VERSION = 1.0;
				PRODUCT_BUNDLE_IDENTIFIER = com.hello.xx.oc.TestHelloTests;
				PRODUCT_NAME = "$(TARGET_NAME)";
				SWIFT_EMIT_LOC_STRINGS = NO;
				TARGETED_DEVICE_FAMILY = "1,2";
				TEST_HOST = "$(BUILT_PRODUCTS_DIR)/TestHello.app/TestHello";
			};
			name = Debug;
		};
		004C946C2801F30C0012F9EA /* Release */ = {
			isa = XCBuildConfiguration;
			buildSettings = {
				BUNDLE_LOADER = "$(TEST_HOST)";
				CODE_SIGN_STYLE = Automatic;
				CURRENT_PROJECT_VERSION = 1;
				GENERATE_INFOPLIST_FILE = YES;
				IPHONEOS_DEPLOYMENT_TARGET = 15.2;
				MARKETING_VERSION = 1.0;
				PRODUCT_BUNDLE_IDENTIFIER = com.hello.xx.oc.TestHelloTests;
				PRODUCT_NAME = "$(TARGET_NAME)";
				SWIFT_EMIT_LOC_STRINGS = NO;
				TARGETED_DEVICE_FAMILY = "1,2";
				TEST_HOST = "$(BUILT_PRODUCTS_DIR)/TestHello.app/TestHello";
			};
			name = Release;
		};
		004C946D2801F30C0012F9EA /* Debug */ = {
			isa = XCBuildConfiguration;
			buildSettings = {
				CODE_SIGN_STYLE = Automatic;
				CURRENT_PROJECT_VERSION = 1;
				GENERATE_INFOPLIST_FILE = YES;
				MARKETING_VERSION = 1.0;
				PRODUCT_BUNDLE_IDENTIFIER = com.hello.xx.oc.TestHelloUITests;
				PRODUCT_NAME = "$(TARGET_NAME)";
				SWIFT_EMIT_LOC_STRINGS = NO;
				TARGETED_DEVICE_FAMILY = "1,2";
				TEST_TARGET_NAME = TestHello;
			};
			name = Debug;
		};
		004C946E2801F30C0012F9EA /* Release */ = {
			isa = XCBuildConfiguration;
			buildSettings = {
				CODE_SIGN_STYLE = Automatic;
				CURRENT_PROJECT_VERSION = 1;
				GENERATE_INFOPLIST_FILE = YES;
				MARKETING_VERSION = 1.0;
				PRODUCT_BUNDLE_IDENTIFIER = com.hello.xx.oc.TestHelloUITests;
				PRODUCT_NAME = "$(TARGET_NAME)";
				SWIFT_EMIT_LOC_STRINGS = NO;
				TARGETED_DEVICE_FAMILY = "1,2";
				TEST_TARGET_NAME = TestHello;
			};
			name = Release;
		};
		5711343E2817D787006C80D4 /* Debug */ = {
			isa = XCBuildConfiguration;
			baseConfigurationReference = C2A218DBF24E3D901299299D /* Pods-HelloSDK.debug.xcconfig */;
			buildSettings = {
				CODE_SIGN_STYLE = Automatic;
				CURRENT_PROJECT_VERSION = 1;
				DEFINES_MODULE = YES;
				DYLIB_COMPATIBILITY_VERSION = 1;
				DYLIB_CURRENT_VERSION = 1;
				DYLIB_INSTALL_NAME_BASE = "@rpath";
				EXCLUDED_ARCHS = "";
				GENERATE_INFOPLIST_FILE = YES;
				INFOPLIST_KEY_NSHumanReadableCopyright = "";
				INSTALL_PATH = "$(LOCAL_LIBRARY_DIR)/Frameworks";
				IPHONEOS_DEPLOYMENT_TARGET = 12.0;
				LD_RUNPATH_SEARCH_PATHS = (
					"$(inherited)",
					"@executable_path/Frameworks",
					"@loader_path/Frameworks",
				);
				MARKETING_VERSION = 1.0;
				ONLY_ACTIVE_ARCH = YES;
				PRODUCT_BUNDLE_IDENTIFIER = test.eye.HelloSDK;
				PRODUCT_NAME = "$(TARGET_NAME:c99extidentifier)";
				SKIP_INSTALL = YES;
				SWIFT_EMIT_LOC_STRINGS = YES;
				TARGETED_DEVICE_FAMILY = "1,2";
			};
			name = Debug;
		};
		5711343F2817D787006C80D4 /* Release */ = {
			isa = XCBuildConfiguration;
			baseConfigurationReference = 6626C86F770330FE048AAC35 /* Pods-HelloSDK.release.xcconfig */;
			buildSettings = {
				CODE_SIGN_STYLE = Automatic;
				CURRENT_PROJECT_VERSION = 1;
				DEFINES_MODULE = YES;
				DYLIB_COMPATIBILITY_VERSION = 1;
				DYLIB_CURRENT_VERSION = 1;
				DYLIB_INSTALL_NAME_BASE = "@rpath";
				GENERATE_INFOPLIST_FILE = YES;
				INFOPLIST_KEY_NSHumanReadableCopyright = "";
				INSTALL_PATH = "$(LOCAL_LIBRARY_DIR)/Frameworks";
				IPHONEOS_DEPLOYMENT_TARGET = 12.0;
				LD_RUNPATH_SEARCH_PATHS = (
					"$(inherited)",
					"@executable_path/Frameworks",
					"@loader_path/Frameworks",
				);
				MARKETING_VERSION = 1.0;
				ONLY_ACTIVE_ARCH = YES;
				PRODUCT_BUNDLE_IDENTIFIER = test.eye.HelloSDK;
				PRODUCT_NAME = "$(TARGET_NAME:c99extidentifier)";
				SKIP_INSTALL = YES;
				SWIFT_EMIT_LOC_STRINGS = YES;
				TARGETED_DEVICE_FAMILY = "1,2";
			};
			name = Release;
		};
		5711344A2817D79A006C80D4 /* Debug */ = {
			isa = XCBuildConfiguration;
			baseConfigurationReference = 5711347C2817DF76006C80D4 /* AAASDK-Debug.xcconfig */;
			buildSettings = {
				CODE_SIGN_STYLE = Automatic;
				CURRENT_PROJECT_VERSION = 1;
				DEFINES_MODULE = YES;
				DYLIB_COMPATIBILITY_VERSION = 1;
				DYLIB_CURRENT_VERSION = 1;
				DYLIB_INSTALL_NAME_BASE = "@rpath";
				"EXCLUDED_ARCHS[sdk=iphoneos*]" = arm64;
				"EXCLUDED_ARCHS[sdk=iphonesimulator*]" = x86_64;
				GENERATE_INFOPLIST_FILE = YES;
				INFOPLIST_KEY_NSHumanReadableCopyright = "";
				INSTALL_PATH = "$(LOCAL_LIBRARY_DIR)/Frameworks";
				IPHONEOS_DEPLOYMENT_TARGET = 12.0;
				LD_RUNPATH_SEARCH_PATHS = (
					"$(inherited)",
					"@executable_path/Frameworks",
					"@loader_path/Frameworks",
				);
				MARKETING_VERSION = 1.0;
				ONLY_ACTIVE_ARCH = NO;
				PRODUCT_BUNDLE_IDENTIFIER = test.eye.AAASDK;
				PRODUCT_NAME = "$(TARGET_NAME:c99extidentifier)";
				SKIP_INSTALL = YES;
				SWIFT_EMIT_LOC_STRINGS = YES;
				TARGETED_DEVICE_FAMILY = "1,2";
			};
			name = Debug;
		};
		5711344B2817D79A006C80D4 /* Release */ = {
			isa = XCBuildConfiguration;
			baseConfigurationReference = 5711347E2817DFB0006C80D4 /* AAASDK-Release.xcconfig */;
			buildSettings = {
				CODE_SIGN_STYLE = Automatic;
				CURRENT_PROJECT_VERSION = 1;
				DEFINES_MODULE = YES;
				DYLIB_COMPATIBILITY_VERSION = 1;
				DYLIB_CURRENT_VERSION = 1;
				DYLIB_INSTALL_NAME_BASE = "@rpath";
				"EXCLUDED_ARCHS[sdk=iphoneos*]" = arm64;
				"EXCLUDED_ARCHS[sdk=iphonesimulator*]" = x86_64;
				GENERATE_INFOPLIST_FILE = YES;
				INFOPLIST_KEY_NSHumanReadableCopyright = "";
				INSTALL_PATH = "$(LOCAL_LIBRARY_DIR)/Frameworks";
				IPHONEOS_DEPLOYMENT_TARGET = 12.0;
				LD_RUNPATH_SEARCH_PATHS = (
					"$(inherited)",
					"@executable_path/Frameworks",
					"@loader_path/Frameworks",
				);
				MARKETING_VERSION = 1.0;
				ONLY_ACTIVE_ARCH = NO;
				PRODUCT_BUNDLE_IDENTIFIER = test.eye.AAASDK;
				PRODUCT_NAME = "$(TARGET_NAME:c99extidentifier)";
				SKIP_INSTALL = YES;
				SWIFT_EMIT_LOC_STRINGS = YES;
				TARGETED_DEVICE_FAMILY = "1,2";
			};
			name = Release;
		};
		57236B8C28178BBF009F3EC6 /* Debug */ = {
			isa = XCBuildConfiguration;
			buildSettings = {
				CODE_SIGN_STYLE = Automatic;
				PRODUCT_NAME = "$(TARGET_NAME)";
			};
			name = Debug;
		};
		57236B8D28178BBF009F3EC6 /* Release */ = {
			isa = XCBuildConfiguration;
			buildSettings = {
				CODE_SIGN_STYLE = Automatic;
				PRODUCT_NAME = "$(TARGET_NAME)";
			};
			name = Release;
		};
		57A9C54E28003E0B00CBF661 /* Debug */ = {
			isa = XCBuildConfiguration;
			buildSettings = {
				ALWAYS_SEARCH_USER_PATHS = NO;
				CLANG_ANALYZER_NONNULL = YES;
				CLANG_ANALYZER_NUMBER_OBJECT_CONVERSION = YES_AGGRESSIVE;
				CLANG_CXX_LANGUAGE_STANDARD = "gnu++17";
				CLANG_CXX_LIBRARY = "libc++";
				CLANG_ENABLE_MODULES = YES;
				CLANG_ENABLE_OBJC_ARC = YES;
				CLANG_ENABLE_OBJC_WEAK = YES;
				CLANG_WARN_BLOCK_CAPTURE_AUTORELEASING = YES;
				CLANG_WARN_BOOL_CONVERSION = YES;
				CLANG_WARN_COMMA = YES;
				CLANG_WARN_CONSTANT_CONVERSION = YES;
				CLANG_WARN_DEPRECATED_OBJC_IMPLEMENTATIONS = YES;
				CLANG_WARN_DIRECT_OBJC_ISA_USAGE = YES_ERROR;
				CLANG_WARN_DOCUMENTATION_COMMENTS = YES;
				CLANG_WARN_EMPTY_BODY = YES;
				CLANG_WARN_ENUM_CONVERSION = YES;
				CLANG_WARN_INFINITE_RECURSION = YES;
				CLANG_WARN_INT_CONVERSION = YES;
				CLANG_WARN_NON_LITERAL_NULL_CONVERSION = YES;
				CLANG_WARN_OBJC_IMPLICIT_RETAIN_SELF = YES;
				CLANG_WARN_OBJC_LITERAL_CONVERSION = YES;
				CLANG_WARN_OBJC_ROOT_CLASS = YES_ERROR;
				CLANG_WARN_QUOTED_INCLUDE_IN_FRAMEWORK_HEADER = YES;
				CLANG_WARN_RANGE_LOOP_ANALYSIS = YES;
				CLANG_WARN_STRICT_PROTOTYPES = YES;
				CLANG_WARN_SUSPICIOUS_MOVE = YES;
				CLANG_WARN_UNGUARDED_AVAILABILITY = YES_AGGRESSIVE;
				CLANG_WARN_UNREACHABLE_CODE = YES;
				CLANG_WARN__DUPLICATE_METHOD_MATCH = YES;
				COPY_PHASE_STRIP = NO;
				CURRENT_PROJECT_VERSION = 1;
				DEBUG_INFORMATION_FORMAT = dwarf;
				ENABLE_STRICT_OBJC_MSGSEND = YES;
				ENABLE_TESTABILITY = YES;
				GCC_C_LANGUAGE_STANDARD = gnu11;
				GCC_DYNAMIC_NO_PIC = NO;
				GCC_NO_COMMON_BLOCKS = YES;
				GCC_OPTIMIZATION_LEVEL = 0;
				GCC_PREPROCESSOR_DEFINITIONS = (
					"DEBUG=1",
					"$(inherited)",
				);
				GCC_WARN_64_TO_32_BIT_CONVERSION = YES;
				GCC_WARN_ABOUT_RETURN_TYPE = YES_ERROR;
				GCC_WARN_UNDECLARED_SELECTOR = YES;
				GCC_WARN_UNINITIALIZED_AUTOS = YES_AGGRESSIVE;
				GCC_WARN_UNUSED_FUNCTION = YES;
				GCC_WARN_UNUSED_VARIABLE = YES;
				IPHONEOS_DEPLOYMENT_TARGET = 15.2;
				MTL_ENABLE_DEBUG_INFO = INCLUDE_SOURCE;
				MTL_FAST_MATH = YES;
				ONLY_ACTIVE_ARCH = YES;
				SDKROOT = iphoneos;
				VERSIONING_SYSTEM = "apple-generic";
				VERSION_INFO_PREFIX = "";
			};
			name = Debug;
		};
		57A9C54F28003E0B00CBF661 /* Release */ = {
			isa = XCBuildConfiguration;
			buildSettings = {
				ALWAYS_SEARCH_USER_PATHS = NO;
				CLANG_ANALYZER_NONNULL = YES;
				CLANG_ANALYZER_NUMBER_OBJECT_CONVERSION = YES_AGGRESSIVE;
				CLANG_CXX_LANGUAGE_STANDARD = "gnu++17";
				CLANG_CXX_LIBRARY = "libc++";
				CLANG_ENABLE_MODULES = YES;
				CLANG_ENABLE_OBJC_ARC = YES;
				CLANG_ENABLE_OBJC_WEAK = YES;
				CLANG_WARN_BLOCK_CAPTURE_AUTORELEASING = YES;
				CLANG_WARN_BOOL_CONVERSION = YES;
				CLANG_WARN_COMMA = YES;
				CLANG_WARN_CONSTANT_CONVERSION = YES;
				CLANG_WARN_DEPRECATED_OBJC_IMPLEMENTATIONS = YES;
				CLANG_WARN_DIRECT_OBJC_ISA_USAGE = YES_ERROR;
				CLANG_WARN_DOCUMENTATION_COMMENTS = YES;
				CLANG_WARN_EMPTY_BODY = YES;
				CLANG_WARN_ENUM_CONVERSION = YES;
				CLANG_WARN_INFINITE_RECURSION = YES;
				CLANG_WARN_INT_CONVERSION = YES;
				CLANG_WARN_NON_LITERAL_NULL_CONVERSION = YES;
				CLANG_WARN_OBJC_IMPLICIT_RETAIN_SELF = YES;
				CLANG_WARN_OBJC_LITERAL_CONVERSION = YES;
				CLANG_WARN_OBJC_ROOT_CLASS = YES_ERROR;
				CLANG_WARN_QUOTED_INCLUDE_IN_FRAMEWORK_HEADER = YES;
				CLANG_WARN_RANGE_LOOP_ANALYSIS = YES;
				CLANG_WARN_STRICT_PROTOTYPES = YES;
				CLANG_WARN_SUSPICIOUS_MOVE = YES;
				CLANG_WARN_UNGUARDED_AVAILABILITY = YES_AGGRESSIVE;
				CLANG_WARN_UNREACHABLE_CODE = YES;
				CLANG_WARN__DUPLICATE_METHOD_MATCH = YES;
				COPY_PHASE_STRIP = NO;
				CURRENT_PROJECT_VERSION = 1;
				DEBUG_INFORMATION_FORMAT = "dwarf-with-dsym";
				ENABLE_NS_ASSERTIONS = NO;
				ENABLE_STRICT_OBJC_MSGSEND = YES;
				GCC_C_LANGUAGE_STANDARD = gnu11;
				GCC_NO_COMMON_BLOCKS = YES;
				GCC_WARN_64_TO_32_BIT_CONVERSION = YES;
				GCC_WARN_ABOUT_RETURN_TYPE = YES_ERROR;
				GCC_WARN_UNDECLARED_SELECTOR = YES;
				GCC_WARN_UNINITIALIZED_AUTOS = YES_AGGRESSIVE;
				GCC_WARN_UNUSED_FUNCTION = YES;
				GCC_WARN_UNUSED_VARIABLE = YES;
				IPHONEOS_DEPLOYMENT_TARGET = 15.2;
				MTL_ENABLE_DEBUG_INFO = NO;
				MTL_FAST_MATH = YES;
				SDKROOT = iphoneos;
				VALIDATE_PRODUCT = YES;
				VERSIONING_SYSTEM = "apple-generic";
				VERSION_INFO_PREFIX = "";
			};
			name = Release;
		};
/* End XCBuildConfiguration section */

/* Begin XCConfigurationList section */
		004C946F2801F30C0012F9EA /* Build configuration list for PBXNativeTarget "TestHello" */ = {
			isa = XCConfigurationList;
			buildConfigurations = (
				004C94692801F30C0012F9EA /* Debug */,
				004C946A2801F30C0012F9EA /* Release */,
			);
			defaultConfigurationIsVisible = 0;
			defaultConfigurationName = Release;
		};
		004C94702801F30C0012F9EA /* Build configuration list for PBXNativeTarget "TestHelloTests" */ = {
			isa = XCConfigurationList;
			buildConfigurations = (
				004C946B2801F30C0012F9EA /* Debug */,
				004C946C2801F30C0012F9EA /* Release */,
			);
			defaultConfigurationIsVisible = 0;
			defaultConfigurationName = Release;
		};
		004C94712801F30C0012F9EA /* Build configuration list for PBXNativeTarget "TestHelloUITests" */ = {
			isa = XCConfigurationList;
			buildConfigurations = (
				004C946D2801F30C0012F9EA /* Debug */,
				004C946E2801F30C0012F9EA /* Release */,
			);
			defaultConfigurationIsVisible = 0;
			defaultConfigurationName = Release;
		};
		5711343D2817D787006C80D4 /* Build configuration list for PBXNativeTarget "HelloSDK" */ = {
			isa = XCConfigurationList;
			buildConfigurations = (
				5711343E2817D787006C80D4 /* Debug */,
				5711343F2817D787006C80D4 /* Release */,
			);
			defaultConfigurationIsVisible = 0;
			defaultConfigurationName = Release;
		};
		571134492817D79A006C80D4 /* Build configuration list for PBXNativeTarget "AAASDK" */ = {
			isa = XCConfigurationList;
			buildConfigurations = (
				5711344A2817D79A006C80D4 /* Debug */,
				5711344B2817D79A006C80D4 /* Release */,
			);
			defaultConfigurationIsVisible = 0;
			defaultConfigurationName = Release;
		};
		57236B8B28178BBF009F3EC6 /* Build configuration list for PBXAggregateTarget "ExportXCFramework" */ = {
			isa = XCConfigurationList;
			buildConfigurations = (
				57236B8C28178BBF009F3EC6 /* Debug */,
				57236B8D28178BBF009F3EC6 /* Release */,
			);
			defaultConfigurationIsVisible = 0;
			defaultConfigurationName = Release;
		};
		57A9C54128003E0B00CBF661 /* Build configuration list for PBXProject "HelloSDK" */ = {
			isa = XCConfigurationList;
			buildConfigurations = (
				57A9C54E28003E0B00CBF661 /* Debug */,
				57A9C54F28003E0B00CBF661 /* Release */,
			);
			defaultConfigurationIsVisible = 0;
			defaultConfigurationName = Release;
		};
/* End XCConfigurationList section */
	};
	rootObject = 57A9C53E28003E0B00CBF661 /* Project object */;
}
